
Microsoft Visual Studio Solution File, Format Version 12.00
# Visual Studio 2013
VisualStudioVersion = 12.0.21005.1
MinimumVisualStudioVersion = 10.0.40219.1
Project("{FAE04EC0-301F-11D3-BF4B-00C04F79EFBC}") = "CallForm.Core", "CallForm.Core\CallForm.Core.csproj", "{4B641AF9-5BBE-4EEE-A0E6-DF2DD7B0E526}"
EndProject
Project("{FAE04EC0-301F-11D3-BF4B-00C04F79EFBC}") = "CallForm.iOS", "CallForm.iOS\CallForm.iOS.csproj", "{3E2D137A-0844-444E-9AD5-8888815EDDAD}"
EndProject
Project("{FAE04EC0-301F-11D3-BF4B-00C04F79EFBC}") = "Cirrious.FluentLayouts.Touch", "Cirrious.FluentLayout\Cirrious.FluentLayouts.Touch.csproj", "{75D2DA9D-DFD4-49A1-98FB-FE0F0677EF0F}"
EndProject
Project("{FAE04EC0-301F-11D3-BF4B-00C04F79EFBC}") = "XibFree", "XibFree\XibFree.csproj", "{3CAF9EB6-5E29-40E2-8798-2DE909310CBE}"
EndProject
Project("{FAE04EC0-301F-11D3-BF4B-00C04F79EFBC}") = "BackEnd", "BackEnd\BackEnd.csproj", "{26369B4A-5717-44A3-B7FB-EF8F23639C44}"
EndProject
Project("{FAE04EC0-301F-11D3-BF4B-00C04F79EFBC}") = "AutoVersionNumber", "AutoVersionNumber\AutoVersionNumber.csproj", "{4EF91104-404E-451D-8E7C-B28B8DC6705B}"
EndProject
Global
	GlobalSection(SolutionConfigurationPlatforms) = preSolution
		Alpha|Any CPU = Alpha|Any CPU
		Alpha|iPhone = Alpha|iPhone
		Alpha|iPhoneSimulator = Alpha|iPhoneSimulator
		Alpha|Mixed Platforms = Alpha|Mixed Platforms
		Beta|Any CPU = Beta|Any CPU
		Beta|iPhone = Beta|iPhone
		Beta|iPhoneSimulator = Beta|iPhoneSimulator
		Beta|Mixed Platforms = Beta|Mixed Platforms
		Debug|Any CPU = Debug|Any CPU
		Debug|iPhone = Debug|iPhone
		Debug|iPhoneSimulator = Debug|iPhoneSimulator
		Debug|Mixed Platforms = Debug|Mixed Platforms
		Release|Any CPU = Release|Any CPU
		Release|iPhone = Release|iPhone
		Release|iPhoneSimulator = Release|iPhoneSimulator
		Release|Mixed Platforms = Release|Mixed Platforms
	EndGlobalSection
	GlobalSection(ProjectConfigurationPlatforms) = postSolution
		{4B641AF9-5BBE-4EEE-A0E6-DF2DD7B0E526}.Alpha|Any CPU.ActiveCfg = Alpha|Any CPU
		{4B641AF9-5BBE-4EEE-A0E6-DF2DD7B0E526}.Alpha|Any CPU.Build.0 = Alpha|Any CPU
		{4B641AF9-5BBE-4EEE-A0E6-DF2DD7B0E526}.Alpha|iPhone.ActiveCfg = Alpha|Any CPU
		{4B641AF9-5BBE-4EEE-A0E6-DF2DD7B0E526}.Alpha|iPhone.Build.0 = Alpha|Any CPU
		{4B641AF9-5BBE-4EEE-A0E6-DF2DD7B0E526}.Alpha|iPhoneSimulator.ActiveCfg = Alpha|Any CPU
		{4B641AF9-5BBE-4EEE-A0E6-DF2DD7B0E526}.Alpha|iPhoneSimulator.Build.0 = Alpha|Any CPU
		{4B641AF9-5BBE-4EEE-A0E6-DF2DD7B0E526}.Alpha|Mixed Platforms.ActiveCfg = Alpha|Any CPU
		{4B641AF9-5BBE-4EEE-A0E6-DF2DD7B0E526}.Alpha|Mixed Platforms.Build.0 = Alpha|Any CPU
		{4B641AF9-5BBE-4EEE-A0E6-DF2DD7B0E526}.Beta|Any CPU.ActiveCfg = Beta|Any CPU
		{4B641AF9-5BBE-4EEE-A0E6-DF2DD7B0E526}.Beta|Any CPU.Build.0 = Beta|Any CPU
		{4B641AF9-5BBE-4EEE-A0E6-DF2DD7B0E526}.Beta|iPhone.ActiveCfg = Beta|Any CPU
		{4B641AF9-5BBE-4EEE-A0E6-DF2DD7B0E526}.Beta|iPhone.Build.0 = Beta|Any CPU
		{4B641AF9-5BBE-4EEE-A0E6-DF2DD7B0E526}.Beta|iPhoneSimulator.ActiveCfg = Beta|Any CPU
		{4B641AF9-5BBE-4EEE-A0E6-DF2DD7B0E526}.Beta|iPhoneSimulator.Build.0 = Beta|Any CPU
		{4B641AF9-5BBE-4EEE-A0E6-DF2DD7B0E526}.Beta|Mixed Platforms.ActiveCfg = Beta|Any CPU
		{4B641AF9-5BBE-4EEE-A0E6-DF2DD7B0E526}.Beta|Mixed Platforms.Build.0 = Beta|Any CPU
		{4B641AF9-5BBE-4EEE-A0E6-DF2DD7B0E526}.Debug|Any CPU.ActiveCfg = Release|Any CPU
		{4B641AF9-5BBE-4EEE-A0E6-DF2DD7B0E526}.Debug|Any CPU.Build.0 = Release|Any CPU
		{4B641AF9-5BBE-4EEE-A0E6-DF2DD7B0E526}.Debug|iPhone.ActiveCfg = Debug|Any CPU
		{4B641AF9-5BBE-4EEE-A0E6-DF2DD7B0E526}.Debug|iPhone.Build.0 = Debug|Any CPU
		{4B641AF9-5BBE-4EEE-A0E6-DF2DD7B0E526}.Debug|iPhoneSimulator.ActiveCfg = Debug|Any CPU
		{4B641AF9-5BBE-4EEE-A0E6-DF2DD7B0E526}.Debug|iPhoneSimulator.Build.0 = Debug|Any CPU
		{4B641AF9-5BBE-4EEE-A0E6-DF2DD7B0E526}.Debug|Mixed Platforms.ActiveCfg = Release|Any CPU
		{4B641AF9-5BBE-4EEE-A0E6-DF2DD7B0E526}.Debug|Mixed Platforms.Build.0 = Release|Any CPU
		{4B641AF9-5BBE-4EEE-A0E6-DF2DD7B0E526}.Release|Any CPU.ActiveCfg = Release|Any CPU
		{4B641AF9-5BBE-4EEE-A0E6-DF2DD7B0E526}.Release|Any CPU.Build.0 = Release|Any CPU
		{4B641AF9-5BBE-4EEE-A0E6-DF2DD7B0E526}.Release|iPhone.ActiveCfg = Release|Any CPU
		{4B641AF9-5BBE-4EEE-A0E6-DF2DD7B0E526}.Release|iPhone.Build.0 = Release|Any CPU
		{4B641AF9-5BBE-4EEE-A0E6-DF2DD7B0E526}.Release|iPhoneSimulator.ActiveCfg = Release|Any CPU
		{4B641AF9-5BBE-4EEE-A0E6-DF2DD7B0E526}.Release|iPhoneSimulator.Build.0 = Release|Any CPU
		{4B641AF9-5BBE-4EEE-A0E6-DF2DD7B0E526}.Release|Mixed Platforms.ActiveCfg = Release|Any CPU
		{4B641AF9-5BBE-4EEE-A0E6-DF2DD7B0E526}.Release|Mixed Platforms.Build.0 = Release|Any CPU
		{3E2D137A-0844-444E-9AD5-8888815EDDAD}.Alpha|Any CPU.ActiveCfg = Alpha|Any CPU
		{3E2D137A-0844-444E-9AD5-8888815EDDAD}.Alpha|Any CPU.Build.0 = Alpha|Any CPU
		{3E2D137A-0844-444E-9AD5-8888815EDDAD}.Alpha|Any CPU.Deploy.0 = Alpha|Any CPU
		{3E2D137A-0844-444E-9AD5-8888815EDDAD}.Alpha|iPhone.ActiveCfg = Alpha|iPhone
		{3E2D137A-0844-444E-9AD5-8888815EDDAD}.Alpha|iPhone.Build.0 = Alpha|iPhone
		{3E2D137A-0844-444E-9AD5-8888815EDDAD}.Alpha|iPhone.Deploy.0 = Alpha|iPhone
		{3E2D137A-0844-444E-9AD5-8888815EDDAD}.Alpha|iPhoneSimulator.ActiveCfg = Alpha|Any CPU
		{3E2D137A-0844-444E-9AD5-8888815EDDAD}.Alpha|iPhoneSimulator.Build.0 = Alpha|Any CPU
		{3E2D137A-0844-444E-9AD5-8888815EDDAD}.Alpha|iPhoneSimulator.Deploy.0 = Alpha|Any CPU
		{3E2D137A-0844-444E-9AD5-8888815EDDAD}.Alpha|Mixed Platforms.ActiveCfg = Alpha|Any CPU
		{3E2D137A-0844-444E-9AD5-8888815EDDAD}.Alpha|Mixed Platforms.Build.0 = Alpha|Any CPU
		{3E2D137A-0844-444E-9AD5-8888815EDDAD}.Alpha|Mixed Platforms.Deploy.0 = Alpha|Any CPU
		{3E2D137A-0844-444E-9AD5-8888815EDDAD}.Beta|Any CPU.ActiveCfg = Beta|Any CPU
		{3E2D137A-0844-444E-9AD5-8888815EDDAD}.Beta|Any CPU.Build.0 = Beta|Any CPU
		{3E2D137A-0844-444E-9AD5-8888815EDDAD}.Beta|Any CPU.Deploy.0 = Beta|Any CPU
		{3E2D137A-0844-444E-9AD5-8888815EDDAD}.Beta|iPhone.ActiveCfg = Beta|iPhone
		{3E2D137A-0844-444E-9AD5-8888815EDDAD}.Beta|iPhone.Build.0 = Beta|iPhone
		{3E2D137A-0844-444E-9AD5-8888815EDDAD}.Beta|iPhone.Deploy.0 = Beta|iPhone
		{3E2D137A-0844-444E-9AD5-8888815EDDAD}.Beta|iPhoneSimulator.ActiveCfg = Beta|Any CPU
		{3E2D137A-0844-444E-9AD5-8888815EDDAD}.Beta|iPhoneSimulator.Build.0 = Beta|Any CPU
		{3E2D137A-0844-444E-9AD5-8888815EDDAD}.Beta|iPhoneSimulator.Deploy.0 = Beta|Any CPU
		{3E2D137A-0844-444E-9AD5-8888815EDDAD}.Beta|Mixed Platforms.ActiveCfg = Beta|Any CPU
		{3E2D137A-0844-444E-9AD5-8888815EDDAD}.Beta|Mixed Platforms.Build.0 = Beta|Any CPU
		{3E2D137A-0844-444E-9AD5-8888815EDDAD}.Beta|Mixed Platforms.Deploy.0 = Beta|Any CPU
		{3E2D137A-0844-444E-9AD5-8888815EDDAD}.Debug|Any CPU.ActiveCfg = Release|iPhone
		{3E2D137A-0844-444E-9AD5-8888815EDDAD}.Debug|Any CPU.Build.0 = Release|iPhone
		{3E2D137A-0844-444E-9AD5-8888815EDDAD}.Debug|iPhone.ActiveCfg = Debug|iPhone
		{3E2D137A-0844-444E-9AD5-8888815EDDAD}.Debug|iPhone.Build.0 = Debug|iPhone
		{3E2D137A-0844-444E-9AD5-8888815EDDAD}.Debug|iPhone.Deploy.0 = Debug|iPhone
		{3E2D137A-0844-444E-9AD5-8888815EDDAD}.Debug|iPhoneSimulator.ActiveCfg = Debug|Any CPU
		{3E2D137A-0844-444E-9AD5-8888815EDDAD}.Debug|iPhoneSimulator.Build.0 = Debug|Any CPU
		{3E2D137A-0844-444E-9AD5-8888815EDDAD}.Debug|iPhoneSimulator.Deploy.0 = Debug|Any CPU
		{3E2D137A-0844-444E-9AD5-8888815EDDAD}.Debug|Mixed Platforms.ActiveCfg = Release|iPhone
		{3E2D137A-0844-444E-9AD5-8888815EDDAD}.Debug|Mixed Platforms.Build.0 = Release|iPhone
		{3E2D137A-0844-444E-9AD5-8888815EDDAD}.Release|Any CPU.ActiveCfg = Release|iPhone
		{3E2D137A-0844-444E-9AD5-8888815EDDAD}.Release|Any CPU.Build.0 = Release|iPhone
		{3E2D137A-0844-444E-9AD5-8888815EDDAD}.Release|iPhone.ActiveCfg = Release|iPhone
		{3E2D137A-0844-444E-9AD5-8888815EDDAD}.Release|iPhone.Build.0 = Release|iPhone
		{3E2D137A-0844-444E-9AD5-8888815EDDAD}.Release|iPhone.Deploy.0 = Release|iPhone
		{3E2D137A-0844-444E-9AD5-8888815EDDAD}.Release|iPhoneSimulator.ActiveCfg = Release|iPhone
		{3E2D137A-0844-444E-9AD5-8888815EDDAD}.Release|iPhoneSimulator.Build.0 = Release|iPhone
		{3E2D137A-0844-444E-9AD5-8888815EDDAD}.Release|iPhoneSimulator.Deploy.0 = Release|iPhone
		{3E2D137A-0844-444E-9AD5-8888815EDDAD}.Release|Mixed Platforms.ActiveCfg = Release|iPhone
		{3E2D137A-0844-444E-9AD5-8888815EDDAD}.Release|Mixed Platforms.Build.0 = Release|iPhone
		{75D2DA9D-DFD4-49A1-98FB-FE0F0677EF0F}.Alpha|Any CPU.ActiveCfg = Alpha|Any CPU
		{75D2DA9D-DFD4-49A1-98FB-FE0F0677EF0F}.Alpha|Any CPU.Build.0 = Alpha|Any CPU
		{75D2DA9D-DFD4-49A1-98FB-FE0F0677EF0F}.Alpha|iPhone.ActiveCfg = Alpha|Any CPU
		{75D2DA9D-DFD4-49A1-98FB-FE0F0677EF0F}.Alpha|iPhone.Build.0 = Alpha|Any CPU
		{75D2DA9D-DFD4-49A1-98FB-FE0F0677EF0F}.Alpha|iPhoneSimulator.ActiveCfg = Alpha|Any CPU
		{75D2DA9D-DFD4-49A1-98FB-FE0F0677EF0F}.Alpha|iPhoneSimulator.Build.0 = Alpha|Any CPU
		{75D2DA9D-DFD4-49A1-98FB-FE0F0677EF0F}.Alpha|Mixed Platforms.ActiveCfg = Alpha|Any CPU
		{75D2DA9D-DFD4-49A1-98FB-FE0F0677EF0F}.Alpha|Mixed Platforms.Build.0 = Alpha|Any CPU
		{75D2DA9D-DFD4-49A1-98FB-FE0F0677EF0F}.Beta|Any CPU.ActiveCfg = Beta|Any CPU
		{75D2DA9D-DFD4-49A1-98FB-FE0F0677EF0F}.Beta|Any CPU.Build.0 = Beta|Any CPU
		{75D2DA9D-DFD4-49A1-98FB-FE0F0677EF0F}.Beta|iPhone.ActiveCfg = Beta|Any CPU
		{75D2DA9D-DFD4-49A1-98FB-FE0F0677EF0F}.Beta|iPhone.Build.0 = Beta|Any CPU
		{75D2DA9D-DFD4-49A1-98FB-FE0F0677EF0F}.Beta|iPhoneSimulator.ActiveCfg = Beta|Any CPU
		{75D2DA9D-DFD4-49A1-98FB-FE0F0677EF0F}.Beta|iPhoneSimulator.Build.0 = Beta|Any CPU
		{75D2DA9D-DFD4-49A1-98FB-FE0F0677EF0F}.Beta|Mixed Platforms.ActiveCfg = Beta|Any CPU
		{75D2DA9D-DFD4-49A1-98FB-FE0F0677EF0F}.Beta|Mixed Platforms.Build.0 = Beta|Any CPU
		{75D2DA9D-DFD4-49A1-98FB-FE0F0677EF0F}.Debug|Any CPU.ActiveCfg = Release|Any CPU
		{75D2DA9D-DFD4-49A1-98FB-FE0F0677EF0F}.Debug|Any CPU.Build.0 = Release|Any CPU
		{75D2DA9D-DFD4-49A1-98FB-FE0F0677EF0F}.Debug|iPhone.ActiveCfg = Debug|Any CPU
		{75D2DA9D-DFD4-49A1-98FB-FE0F0677EF0F}.Debug|iPhone.Build.0 = Debug|Any CPU
		{75D2DA9D-DFD4-49A1-98FB-FE0F0677EF0F}.Debug|iPhoneSimulator.ActiveCfg = Debug|Any CPU
		{75D2DA9D-DFD4-49A1-98FB-FE0F0677EF0F}.Debug|iPhoneSimulator.Build.0 = Debug|Any CPU
		{75D2DA9D-DFD4-49A1-98FB-FE0F0677EF0F}.Debug|Mixed Platforms.ActiveCfg = Release|Any CPU
		{75D2DA9D-DFD4-49A1-98FB-FE0F0677EF0F}.Debug|Mixed Platforms.Build.0 = Release|Any CPU
		{75D2DA9D-DFD4-49A1-98FB-FE0F0677EF0F}.Release|Any CPU.ActiveCfg = Release|Any CPU
		{75D2DA9D-DFD4-49A1-98FB-FE0F0677EF0F}.Release|Any CPU.Build.0 = Release|Any CPU
		{75D2DA9D-DFD4-49A1-98FB-FE0F0677EF0F}.Release|iPhone.ActiveCfg = Release|Any CPU
		{75D2DA9D-DFD4-49A1-98FB-FE0F0677EF0F}.Release|iPhone.Build.0 = Release|Any CPU
		{75D2DA9D-DFD4-49A1-98FB-FE0F0677EF0F}.Release|iPhoneSimulator.ActiveCfg = Release|Any CPU
		{75D2DA9D-DFD4-49A1-98FB-FE0F0677EF0F}.Release|iPhoneSimulator.Build.0 = Release|Any CPU
		{75D2DA9D-DFD4-49A1-98FB-FE0F0677EF0F}.Release|Mixed Platforms.ActiveCfg = Release|Any CPU
		{75D2DA9D-DFD4-49A1-98FB-FE0F0677EF0F}.Release|Mixed Platforms.Build.0 = Release|Any CPU
		{3CAF9EB6-5E29-40E2-8798-2DE909310CBE}.Alpha|Any CPU.ActiveCfg = Alpha|Any CPU
		{3CAF9EB6-5E29-40E2-8798-2DE909310CBE}.Alpha|Any CPU.Build.0 = Alpha|Any CPU
		{3CAF9EB6-5E29-40E2-8798-2DE909310CBE}.Alpha|iPhone.ActiveCfg = Alpha|Any CPU
		{3CAF9EB6-5E29-40E2-8798-2DE909310CBE}.Alpha|iPhone.Build.0 = Alpha|Any CPU
		{3CAF9EB6-5E29-40E2-8798-2DE909310CBE}.Alpha|iPhoneSimulator.ActiveCfg = Alpha|Any CPU
		{3CAF9EB6-5E29-40E2-8798-2DE909310CBE}.Alpha|iPhoneSimulator.Build.0 = Alpha|Any CPU
		{3CAF9EB6-5E29-40E2-8798-2DE909310CBE}.Alpha|Mixed Platforms.ActiveCfg = Alpha|Any CPU
		{3CAF9EB6-5E29-40E2-8798-2DE909310CBE}.Alpha|Mixed Platforms.Build.0 = Alpha|Any CPU
		{3CAF9EB6-5E29-40E2-8798-2DE909310CBE}.Beta|Any CPU.ActiveCfg = Beta|Any CPU
		{3CAF9EB6-5E29-40E2-8798-2DE909310CBE}.Beta|Any CPU.Build.0 = Beta|Any CPU
		{3CAF9EB6-5E29-40E2-8798-2DE909310CBE}.Beta|iPhone.ActiveCfg = Beta|Any CPU
		{3CAF9EB6-5E29-40E2-8798-2DE909310CBE}.Beta|iPhone.Build.0 = Beta|Any CPU
		{3CAF9EB6-5E29-40E2-8798-2DE909310CBE}.Beta|iPhoneSimulator.ActiveCfg = Beta|Any CPU
		{3CAF9EB6-5E29-40E2-8798-2DE909310CBE}.Beta|iPhoneSimulator.Build.0 = Beta|Any CPU
		{3CAF9EB6-5E29-40E2-8798-2DE909310CBE}.Beta|Mixed Platforms.ActiveCfg = Beta|Any CPU
		{3CAF9EB6-5E29-40E2-8798-2DE909310CBE}.Beta|Mixed Platforms.Build.0 = Beta|Any CPU
		{3CAF9EB6-5E29-40E2-8798-2DE909310CBE}.Debug|Any CPU.ActiveCfg = Release|Any CPU
		{3CAF9EB6-5E29-40E2-8798-2DE909310CBE}.Debug|Any CPU.Build.0 = Release|Any CPU
		{3CAF9EB6-5E29-40E2-8798-2DE909310CBE}.Debug|iPhone.ActiveCfg = Debug|Any CPU
		{3CAF9EB6-5E29-40E2-8798-2DE909310CBE}.Debug|iPhone.Build.0 = Debug|Any CPU
		{3CAF9EB6-5E29-40E2-8798-2DE909310CBE}.Debug|iPhoneSimulator.ActiveCfg = Debug|Any CPU
		{3CAF9EB6-5E29-40E2-8798-2DE909310CBE}.Debug|iPhoneSimulator.Build.0 = Debug|Any CPU
		{3CAF9EB6-5E29-40E2-8798-2DE909310CBE}.Debug|Mixed Platforms.ActiveCfg = Release|Any CPU
		{3CAF9EB6-5E29-40E2-8798-2DE909310CBE}.Debug|Mixed Platforms.Build.0 = Release|Any CPU
		{3CAF9EB6-5E29-40E2-8798-2DE909310CBE}.Release|Any CPU.ActiveCfg = Release|Any CPU
		{3CAF9EB6-5E29-40E2-8798-2DE909310CBE}.Release|Any CPU.Build.0 = Release|Any CPU
		{3CAF9EB6-5E29-40E2-8798-2DE909310CBE}.Release|iPhone.ActiveCfg = Release|Any CPU
		{3CAF9EB6-5E29-40E2-8798-2DE909310CBE}.Release|iPhone.Build.0 = Release|Any CPU
		{3CAF9EB6-5E29-40E2-8798-2DE909310CBE}.Release|iPhoneSimulator.ActiveCfg = Release|Any CPU
		{3CAF9EB6-5E29-40E2-8798-2DE909310CBE}.Release|iPhoneSimulator.Build.0 = Release|Any CPU
		{3CAF9EB6-5E29-40E2-8798-2DE909310CBE}.Release|Mixed Platforms.ActiveCfg = Release|Any CPU
		{3CAF9EB6-5E29-40E2-8798-2DE909310CBE}.Release|Mixed Platforms.Build.0 = Release|Any CPU
		{26369B4A-5717-44A3-B7FB-EF8F23639C44}.Alpha|Any CPU.ActiveCfg = Alpha|Any CPU
		{26369B4A-5717-44A3-B7FB-EF8F23639C44}.Alpha|Any CPU.Build.0 = Alpha|Any CPU
		{26369B4A-5717-44A3-B7FB-EF8F23639C44}.Alpha|iPhone.ActiveCfg = Alpha|Any CPU
		{26369B4A-5717-44A3-B7FB-EF8F23639C44}.Alpha|iPhoneSimulator.ActiveCfg = Alpha|Any CPU
		{26369B4A-5717-44A3-B7FB-EF8F23639C44}.Alpha|Mixed Platforms.ActiveCfg = Alpha|Any CPU
		{26369B4A-5717-44A3-B7FB-EF8F23639C44}.Alpha|Mixed Platforms.Build.0 = Alpha|Any CPU
		{26369B4A-5717-44A3-B7FB-EF8F23639C44}.Beta|Any CPU.ActiveCfg = Beta|Any CPU
		{26369B4A-5717-44A3-B7FB-EF8F23639C44}.Beta|Any CPU.Build.0 = Beta|Any CPU
		{26369B4A-5717-44A3-B7FB-EF8F23639C44}.Beta|iPhone.ActiveCfg = Beta|Any CPU
		{26369B4A-5717-44A3-B7FB-EF8F23639C44}.Beta|iPhoneSimulator.ActiveCfg = Beta|Any CPU
		{26369B4A-5717-44A3-B7FB-EF8F23639C44}.Beta|Mixed Platforms.ActiveCfg = Beta|Any CPU
		{26369B4A-5717-44A3-B7FB-EF8F23639C44}.Beta|Mixed Platforms.Build.0 = Beta|Any CPU
		{26369B4A-5717-44A3-B7FB-EF8F23639C44}.Debug|Any CPU.ActiveCfg = Release|Any CPU
		{26369B4A-5717-44A3-B7FB-EF8F23639C44}.Debug|Any CPU.Build.0 = Debug|Any CPU
		{26369B4A-5717-44A3-B7FB-EF8F23639C44}.Debug|iPhone.ActiveCfg = Debug|Any CPU
		{26369B4A-5717-44A3-B7FB-EF8F23639C44}.Debug|iPhoneSimulator.ActiveCfg = Debug|Any CPU
		{26369B4A-5717-44A3-B7FB-EF8F23639C44}.Debug|Mixed Platforms.ActiveCfg = Release|Any CPU
		{26369B4A-5717-44A3-B7FB-EF8F23639C44}.Debug|Mixed Platforms.Build.0 = Debug|Any CPU
		{26369B4A-5717-44A3-B7FB-EF8F23639C44}.Release|Any CPU.ActiveCfg = Release|Any CPU
		{26369B4A-5717-44A3-B7FB-EF8F23639C44}.Release|Any CPU.Build.0 = Release|Any CPU
		{26369B4A-5717-44A3-B7FB-EF8F23639C44}.Release|iPhone.ActiveCfg = Release|Any CPU
		{26369B4A-5717-44A3-B7FB-EF8F23639C44}.Release|iPhoneSimulator.ActiveCfg = Release|Any CPU
		{26369B4A-5717-44A3-B7FB-EF8F23639C44}.Release|Mixed Platforms.ActiveCfg = Release|Any CPU
		{26369B4A-5717-44A3-B7FB-EF8F23639C44}.Release|Mixed Platforms.Build.0 = Release|Any CPU
		{4EF91104-404E-451D-8E7C-B28B8DC6705B}.Alpha|Any CPU.ActiveCfg = Alpha|Any CPU
		{4EF91104-404E-451D-8E7C-B28B8DC6705B}.Alpha|Any CPU.Build.0 = Alpha|Any CPU
		{4EF91104-404E-451D-8E7C-B28B8DC6705B}.Alpha|iPhone.ActiveCfg = Alpha|Any CPU
		{4EF91104-404E-451D-8E7C-B28B8DC6705B}.Alpha|iPhone.Build.0 = Alpha|Any CPU
		{4EF91104-404E-451D-8E7C-B28B8DC6705B}.Alpha|iPhoneSimulator.ActiveCfg = Alpha|Any CPU
		{4EF91104-404E-451D-8E7C-B28B8DC6705B}.Alpha|Mixed Platforms.ActiveCfg = Alpha|Any CPU
		{4EF91104-404E-451D-8E7C-B28B8DC6705B}.Alpha|Mixed Platforms.Build.0 = Alpha|Any CPU
		{4EF91104-404E-451D-8E7C-B28B8DC6705B}.Beta|Any CPU.ActiveCfg = Beta|Any CPU
		{4EF91104-404E-451D-8E7C-B28B8DC6705B}.Beta|Any CPU.Build.0 = Beta|Any CPU
		{4EF91104-404E-451D-8E7C-B28B8DC6705B}.Beta|iPhone.ActiveCfg = Beta|Any CPU
		{4EF91104-404E-451D-8E7C-B28B8DC6705B}.Beta|iPhone.Build.0 = Beta|Any CPU
		{4EF91104-404E-451D-8E7C-B28B8DC6705B}.Beta|iPhoneSimulator.ActiveCfg = Beta|Any CPU
		{4EF91104-404E-451D-8E7C-B28B8DC6705B}.Beta|Mixed Platforms.ActiveCfg = Beta|Any CPU
		{4EF91104-404E-451D-8E7C-B28B8DC6705B}.Beta|Mixed Platforms.Build.0 = Beta|Any CPU
		{4EF91104-404E-451D-8E7C-B28B8DC6705B}.Debug|Any CPU.ActiveCfg = Debug|Any CPU
		{4EF91104-404E-451D-8E7C-B28B8DC6705B}.Debug|Any CPU.Build.0 = Debug|Any CPU
		{4EF91104-404E-451D-8E7C-B28B8DC6705B}.Debug|iPhone.ActiveCfg = Debug|Any CPU
		{4EF91104-404E-451D-8E7C-B28B8DC6705B}.Debug|iPhoneSimulator.ActiveCfg = Debug|Any CPU
		{4EF91104-404E-451D-8E7C-B28B8DC6705B}.Debug|Mixed Platforms.ActiveCfg = Debug|Any CPU
		{4EF91104-404E-451D-8E7C-B28B8DC6705B}.Debug|Mixed Platforms.Build.0 = Debug|Any CPU
		{4EF91104-404E-451D-8E7C-B28B8DC6705B}.Release|Any CPU.ActiveCfg = Release|Any CPU
		{4EF91104-404E-451D-8E7C-B28B8DC6705B}.Release|Any CPU.Build.0 = Release|Any CPU
		{4EF91104-404E-451D-8E7C-B28B8DC6705B}.Release|iPhone.ActiveCfg = Release|Any CPU
		{4EF91104-404E-451D-8E7C-B28B8DC6705B}.Release|iPhone.Build.0 = Release|Any CPU
		{4EF91104-404E-451D-8E7C-B28B8DC6705B}.Release|iPhoneSimulator.ActiveCfg = Release|Any CPU
		{4EF91104-404E-451D-8E7C-B28B8DC6705B}.Release|Mixed Platforms.ActiveCfg = Release|Any CPU
		{4EF91104-404E-451D-8E7C-B28B8DC6705B}.Release|Mixed Platforms.Build.0 = Release|Any CPU
	EndGlobalSection
	GlobalSection(SolutionProperties) = preSolution
		HideSolutionNode = FALSE
	EndGlobalSection
EndGlobal
